// !$*UTF8*$!
{
	archiveVersion = 1;
	classes = {
	};
	objectVersion = 56;
	objects = {

/* Begin PBXBuildFile section */
		AFD09DB72A77C48E00BBB2C7 /* loadData.swift in Sources */ = {isa = PBXBuildFile; fileRef = AFD09DB62A77C48E00BBB2C7 /* loadData.swift */; };
		AFD490DE2A75966C00D4F5F5 /* rest_projectApp.swift in Sources */ = {isa = PBXBuildFile; fileRef = AFD490DD2A75966C00D4F5F5 /* rest_projectApp.swift */; };
		AFD490E02A75966C00D4F5F5 /* ContentView.swift in Sources */ = {isa = PBXBuildFile; fileRef = AFD490DF2A75966C00D4F5F5 /* ContentView.swift */; };
		AFD490E22A75966D00D4F5F5 /* Assets.xcassets in Resources */ = {isa = PBXBuildFile; fileRef = AFD490E12A75966D00D4F5F5 /* Assets.xcassets */; };
		AFD490E52A75966D00D4F5F5 /* Preview Assets.xcassets in Resources */ = {isa = PBXBuildFile; fileRef = AFD490E42A75966D00D4F5F5 /* Preview Assets.xcassets */; };
		AFD490EF2A75966D00D4F5F5 /* rest_projectTests.swift in Sources */ = {isa = PBXBuildFile; fileRef = AFD490EE2A75966D00D4F5F5 /* rest_projectTests.swift */; };
		AFD490F92A75966D00D4F5F5 /* rest_projectUITests.swift in Sources */ = {isa = PBXBuildFile; fileRef = AFD490F82A75966D00D4F5F5 /* rest_projectUITests.swift */; };
		AFD490FB2A75966D00D4F5F5 /* rest_projectUITestsLaunchTests.swift in Sources */ = {isa = PBXBuildFile; fileRef = AFD490FA2A75966D00D4F5F5 /* rest_projectUITestsLaunchTests.swift */; };
/* End PBXBuildFile section */

/* Begin PBXContainerItemProxy section */
		AFD490EB2A75966D00D4F5F5 /* PBXContainerItemProxy */ = {
			isa = PBXContainerItemProxy;
			containerPortal = AFD490D22A75966C00D4F5F5 /* Project object */;
			proxyType = 1;
			remoteGlobalIDString = AFD490D92A75966C00D4F5F5;
			remoteInfo = rest_project;
		};
		AFD490F52A75966D00D4F5F5 /* PBXContainerItemProxy */ = {
			isa = PBXContainerItemProxy;
			containerPortal = AFD490D22A75966C00D4F5F5 /* Project object */;
			proxyType = 1;
			remoteGlobalIDString = AFD490D92A75966C00D4F5F5;
			remoteInfo = rest_project;
		};
/* End PBXContainerItemProxy section */

/* Begin PBXFileReference section */
		AFD09DB62A77C48E00BBB2C7 /* loadData.swift */ = {isa = PBXFileReference; lastKnownFileType = sourcecode.swift; path = loadData.swift; sourceTree = "<group>"; };
		AFD490DA2A75966C00D4F5F5 /* rest_project.app */ = {isa = PBXFileReference; explicitFileType = wrapper.application; includeInIndex = 0; path = rest_project.app; sourceTree = BUILT_PRODUCTS_DIR; };
		AFD490DD2A75966C00D4F5F5 /* rest_projectApp.swift */ = {isa = PBXFileReference; lastKnownFileType = sourcecode.swift; path = rest_projectApp.swift; sourceTree = "<group>"; };
		AFD490DF2A75966C00D4F5F5 /* ContentView.swift */ = {isa = PBXFileReference; lastKnownFileType = sourcecode.swift; path = ContentView.swift; sourceTree = "<group>"; };
		AFD490E12A75966D00D4F5F5 /* Assets.xcassets */ = {isa = PBXFileReference; lastKnownFileType = folder.assetcatalog; path = Assets.xcassets; sourceTree = "<group>"; };
		AFD490E42A75966D00D4F5F5 /* Preview Assets.xcassets */ = {isa = PBXFileReference; lastKnownFileType = folder.assetcatalog; path = "Preview Assets.xcassets"; sourceTree = "<group>"; };
		AFD490EA2A75966D00D4F5F5 /* rest_projectTests.xctest */ = {isa = PBXFileReference; explicitFileType = wrapper.cfbundle; includeInIndex = 0; path = rest_projectTests.xctest; sourceTree = BUILT_PRODUCTS_DIR; };
		AFD490EE2A75966D00D4F5F5 /* rest_projectTests.swift */ = {isa = PBXFileReference; lastKnownFileType = sourcecode.swift; path = rest_projectTests.swift; sourceTree = "<group>"; };
		AFD490F42A75966D00D4F5F5 /* rest_projectUITests.xctest */ = {isa = PBXFileReference; explicitFileType = wrapper.cfbundle; includeInIndex = 0; path = rest_projectUITests.xctest; sourceTree = BUILT_PRODUCTS_DIR; };
		AFD490F82A75966D00D4F5F5 /* rest_projectUITests.swift */ = {isa = PBXFileReference; lastKnownFileType = sourcecode.swift; path = rest_projectUITests.swift; sourceTree = "<group>"; };
		AFD490FA2A75966D00D4F5F5 /* rest_projectUITestsLaunchTests.swift */ = {isa = PBXFileReference; lastKnownFileType = sourcecode.swift; path = rest_projectUITestsLaunchTests.swift; sourceTree = "<group>"; };
/* End PBXFileReference section */

/* Begin PBXFrameworksBuildPhase section */
		AFD490D72A75966C00D4F5F5 /* Frameworks */ = {
			isa = PBXFrameworksBuildPhase;
			buildActionMask = 2147483647;
			files = (
			);
			runOnlyForDeploymentPostprocessing = 0;
		};
		AFD490E72A75966D00D4F5F5 /* Frameworks */ = {
			isa = PBXFrameworksBuildPhase;
			buildActionMask = 2147483647;
			files = (
			);
			runOnlyForDeploymentPostprocessing = 0;
		};
		AFD490F12A75966D00D4F5F5 /* Frameworks */ = {
			isa = PBXFrameworksBuildPhase;
			buildActionMask = 2147483647;
			files = (
			);
			runOnlyForDeploymentPostprocessing = 0;
		};
/* End PBXFrameworksBuildPhase section */

/* Begin PBXGroup section */
		AFD490D12A75966C00D4F5F5 = {
			isa = PBXGroup;
			children = (
				AFD490DC2A75966C00D4F5F5 /* rest_project */,
				AFD490ED2A75966D00D4F5F5 /* rest_projectTests */,
				AFD490F72A75966D00D4F5F5 /* rest_projectUITests */,
				AFD490DB2A75966C00D4F5F5 /* Products */,
			);
			sourceTree = "<group>";
		};
		AFD490DB2A75966C00D4F5F5 /* Products */ = {
			isa = PBXGroup;
			children = (
				AFD490DA2A75966C00D4F5F5 /* rest_project.app */,
				AFD490EA2A75966D00D4F5F5 /* rest_projectTests.xctest */,
				AFD490F42A75966D00D4F5F5 /* rest_projectUITests.xctest */,
			);
			name = Products;
			sourceTree = "<group>";
		};
		AFD490DC2A75966C00D4F5F5 /* rest_project */ = {
			isa = PBXGroup;
			children = (
				AFD490DD2A75966C00D4F5F5 /* rest_projectApp.swift */,
				AFD490DF2A75966C00D4F5F5 /* ContentView.swift */,
				AFD09DB62A77C48E00BBB2C7 /* loadData.swift */,
				AFD490E12A75966D00D4F5F5 /* Assets.xcassets */,
				AFD490E32A75966D00D4F5F5 /* Preview Content */,
			);
			path = rest_project;
			sourceTree = "<group>";
		};
		AFD490E32A75966D00D4F5F5 /* Preview Content */ = {
			isa = PBXGroup;
			children = (
				AFD490E42A75966D00D4F5F5 /* Preview Assets.xcassets */,
			);
			path = "Preview Content";
			sourceTree = "<group>";
		};
		AFD490ED2A75966D00D4F5F5 /* rest_projectTests */ = {
			isa = PBXGroup;
			children = (
				AFD490EE2A75966D00D4F5F5 /* rest_projectTests.swift */,
			);
			path = rest_projectTests;
			sourceTree = "<group>";
		};
		AFD490F72A75966D00D4F5F5 /* rest_projectUITests */ = {
			isa = PBXGroup;
			children = (
				AFD490F82A75966D00D4F5F5 /* rest_projectUITests.swift */,
				AFD490FA2A75966D00D4F5F5 /* rest_projectUITestsLaunchTests.swift */,
			);
			path = rest_projectUITests;
			sourceTree = "<group>";
		};
/* End PBXGroup section */

/* Begin PBXNativeTarget section */
		AFD490D92A75966C00D4F5F5 /* rest_project */ = {
			isa = PBXNativeTarget;
			buildConfigurationList = AFD490FE2A75966D00D4F5F5 /* Build configuration list for PBXNativeTarget "rest_project" */;
			buildPhases = (
				AFD490D62A75966C00D4F5F5 /* Sources */,
				AFD490D72A75966C00D4F5F5 /* Frameworks */,
				AFD490D82A75966C00D4F5F5 /* Resources */,
			);
			buildRules = (
			);
			dependencies = (
			);
			name = rest_project;
			productName = rest_project;
			productReference = AFD490DA2A75966C00D4F5F5 /* rest_project.app */;
			productType = "com.apple.product-type.application";
		};
		AFD490E92A75966D00D4F5F5 /* rest_projectTests */ = {
			isa = PBXNativeTarget;
			buildConfigurationList = AFD491012A75966D00D4F5F5 /* Build configuration list for PBXNativeTarget "rest_projectTests" */;
			buildPhases = (
				AFD490E62A75966D00D4F5F5 /* Sources */,
				AFD490E72A75966D00D4F5F5 /* Frameworks */,
				AFD490E82A75966D00D4F5F5 /* Resources */,
			);
			buildRules = (
			);
			dependencies = (
				AFD490EC2A75966D00D4F5F5 /* PBXTargetDependency */,
			);
			name = rest_projectTests;
			productName = rest_projectTests;
			productReference = AFD490EA2A75966D00D4F5F5 /* rest_projectTests.xctest */;
			productType = "com.apple.product-type.bundle.unit-test";
		};
		AFD490F32A75966D00D4F5F5 /* rest_projectUITests */ = {
			isa = PBXNativeTarget;
			buildConfigurationList = AFD491042A75966D00D4F5F5 /* Build configuration list for PBXNativeTarget "rest_projectUITests" */;
			buildPhases = (
				AFD490F02A75966D00D4F5F5 /* Sources */,
				AFD490F12A75966D00D4F5F5 /* Frameworks */,
				AFD490F22A75966D00D4F5F5 /* Resources */,
			);
			buildRules = (
			);
			dependencies = (
				AFD490F62A75966D00D4F5F5 /* PBXTargetDependency */,
			);
			name = rest_projectUITests;
			productName = rest_projectUITests;
			productReference = AFD490F42A75966D00D4F5F5 /* rest_projectUITests.xctest */;
			productType = "com.apple.product-type.bundle.ui-testing";
		};
/* End PBXNativeTarget section */

/* Begin PBXProject section */
		AFD490D22A75966C00D4F5F5 /* Project object */ = {
			isa = PBXProject;
			attributes = {
				BuildIndependentTargetsInParallel = 1;
				LastSwiftUpdateCheck = 1430;
				LastUpgradeCheck = 1430;
				TargetAttributes = {
					AFD490D92A75966C00D4F5F5 = {
						CreatedOnToolsVersion = 14.3;
					};
					AFD490E92A75966D00D4F5F5 = {
						CreatedOnToolsVersion = 14.3;
						TestTargetID = AFD490D92A75966C00D4F5F5;
					};
					AFD490F32A75966D00D4F5F5 = {
						CreatedOnToolsVersion = 14.3;
						TestTargetID = AFD490D92A75966C00D4F5F5;
					};
				};
			};
			buildConfigurationList = AFD490D52A75966C00D4F5F5 /* Build configuration list for PBXProject "rest_project" */;
			compatibilityVersion = "Xcode 14.0";
			developmentRegion = en;
			hasScannedForEncodings = 0;
			knownRegions = (
				en,
				Base,
			);
			mainGroup = AFD490D12A75966C00D4F5F5;
			productRefGroup = AFD490DB2A75966C00D4F5F5 /* Products */;
			projectDirPath = "";
			projectRoot = "";
			targets = (
				AFD490D92A75966C00D4F5F5 /* rest_project */,
				AFD490E92A75966D00D4F5F5 /* rest_projectTests */,
				AFD490F32A75966D00D4F5F5 /* rest_projectUITests */,
			);
		};
/* End PBXProject section */

/* Begin PBXResourcesBuildPhase section */
		AFD490D82A75966C00D4F5F5 /* Resources */ = {
			isa = PBXResourcesBuildPhase;
			buildActionMask = 2147483647;
			files = (
				AFD490E52A75966D00D4F5F5 /* Preview Assets.xcassets in Resources */,
				AFD490E22A75966D00D4F5F5 /* Assets.xcassets in Resources */,
			);
			runOnlyForDeploymentPostprocessing = 0;
		};
		AFD490E82A75966D00D4F5F5 /* Resources */ = {
			isa = PBXResourcesBuildPhase;
			buildActionMask = 2147483647;
			files = (
			);
			runOnlyForDeploymentPostprocessing = 0;
		};
		AFD490F22A75966D00D4F5F5 /* Resources */ = {
			isa = PBXResourcesBuildPhase;
			buildActionMask = 2147483647;
			files = (
			);
			runOnlyForDeploymentPostprocessing = 0;
		};
/* End PBXResourcesBuildPhase section */

/* Begin PBXSourcesBuildPhase section */
		AFD490D62A75966C00D4F5F5 /* Sources */ = {
			isa = PBXSourcesBuildPhase;
			buildActionMask = 2147483647;
			files = (
				AFD490E02A75966C00D4F5F5 /* ContentView.swift in Sources */,
				AFD09DB72A77C48E00BBB2C7 /* loadData.swift in Sources */,
				AFD490DE2A75966C00D4F5F5 /* rest_projectApp.swift in Sources */,
			);
			runOnlyForDeploymentPostprocessing = 0;
		};
		AFD490E62A75966D00D4F5F5 /* Sources */ = {
			isa = PBXSourcesBuildPhase;
			buildActionMask = 2147483647;
			files = (
				AFD490EF2A75966D00D4F5F5 /* rest_projectTests.swift in Sources */,
			);
			runOnlyForDeploymentPostprocessing = 0;
		};
		AFD490F02A75966D00D4F5F5 /* Sources */ = {
			isa = PBXSourcesBuildPhase;
			buildActionMask = 2147483647;
			files = (
				AFD490FB2A75966D00D4F5F5 /* rest_projectUITestsLaunchTests.swift in Sources */,
				AFD490F92A75966D00D4F5F5 /* rest_projectUITests.swift in Sources */,
			);
			runOnlyForDeploymentPostprocessing = 0;
		};
/* End PBXSourcesBuildPhase section */

/* Begin PBXTargetDependency section */
		AFD490EC2A75966D00D4F5F5 /* PBXTargetDependency */ = {
			isa = PBXTargetDependency;
			target = AFD490D92A75966C00D4F5F5 /* rest_project */;
			targetProxy = AFD490EB2A75966D00D4F5F5 /* PBXContainerItemProxy */;
		};
		AFD490F62A75966D00D4F5F5 /* PBXTargetDependency */ = {
			isa = PBXTargetDependency;
			target = AFD490D92A75966C00D4F5F5 /* rest_project */;
			targetProxy = AFD490F52A75966D00D4F5F5 /* PBXContainerItemProxy */;
		};
/* End PBXTargetDependency section */

/* Begin XCBuildConfiguration section */
		AFD490FC2A75966D00D4F5F5 /* Debug */ = {
			isa = XCBuildConfiguration;
			buildSettings = {
				ALWAYS_SEARCH_USER_PATHS = NO;
				CLANG_ANALYZER_NONNULL = YES;
				CLANG_ANALYZER_NUMBER_OBJECT_CONVERSION = YES_AGGRESSIVE;
				CLANG_CXX_LANGUAGE_STANDARD = "gnu++20";
				CLANG_ENABLE_MODULES = YES;
				CLANG_ENABLE_OBJC_ARC = YES;
				CLANG_ENABLE_OBJC_WEAK = YES;
				CLANG_WARN_BLOCK_CAPTURE_AUTORELEASING = YES;
				CLANG_WARN_BOOL_CONVERSION = YES;
				CLANG_WARN_COMMA = YES;
				CLANG_WARN_CONSTANT_CONVERSION = YES;
				CLANG_WARN_DEPRECATED_OBJC_IMPLEMENTATIONS = YES;
				CLANG_WARN_DIRECT_OBJC_ISA_USAGE = YES_ERROR;
				CLANG_WARN_DOCUMENTATION_COMMENTS = YES;
				CLANG_WARN_EMPTY_BODY = YES;
				CLANG_WARN_ENUM_CONVERSION = YES;
				CLANG_WARN_INFINITE_RECURSION = YES;
				CLANG_WARN_INT_CONVERSION = YES;
				CLANG_WARN_NON_LITERAL_NULL_CONVERSION = YES;
				CLANG_WARN_OBJC_IMPLICIT_RETAIN_SELF = YES;
				CLANG_WARN_OBJC_LITERAL_CONVERSION = YES;
				CLANG_WARN_OBJC_ROOT_CLASS = YES_ERROR;
				CLANG_WARN_QUOTED_INCLUDE_IN_FRAMEWORK_HEADER = YES;
				CLANG_WARN_RANGE_LOOP_ANALYSIS = YES;
				CLANG_WARN_STRICT_PROTOTYPES = YES;
				CLANG_WARN_SUSPICIOUS_MOVE = YES;
				CLANG_WARN_UNGUARDED_AVAILABILITY = YES_AGGRESSIVE;
				CLANG_WARN_UNREACHABLE_CODE = YES;
				CLANG_WARN__DUPLICATE_METHOD_MATCH = YES;
				COPY_PHASE_STRIP = NO;
				DEBUG_INFORMATION_FORMAT = dwarf;
				ENABLE_STRICT_OBJC_MSGSEND = YES;
				ENABLE_TESTABILITY = YES;
				GCC_C_LANGUAGE_STANDARD = gnu11;
				GCC_DYNAMIC_NO_PIC = NO;
				GCC_NO_COMMON_BLOCKS = YES;
				GCC_OPTIMIZATION_LEVEL = 0;
				GCC_PREPROCESSOR_DEFINITIONS = (
					"DEBUG=1",
					"$(inherited)",
				);
				GCC_WARN_64_TO_32_BIT_CONVERSION = YES;
				GCC_WARN_ABOUT_RETURN_TYPE = YES_ERROR;
				GCC_WARN_UNDECLARED_SELECTOR = YES;
				GCC_WARN_UNINITIALIZED_AUTOS = YES_AGGRESSIVE;
				GCC_WARN_UNUSED_FUNCTION = YES;
				GCC_WARN_UNUSED_VARIABLE = YES;
				IPHONEOS_DEPLOYMENT_TARGET = 16.4;
				MTL_ENABLE_DEBUG_INFO = INCLUDE_SOURCE;
				MTL_FAST_MATH = YES;
				ONLY_ACTIVE_ARCH = YES;
				SDKROOT = iphoneos;
				SWIFT_ACTIVE_COMPILATION_CONDITIONS = DEBUG;
				SWIFT_OPTIMIZATION_LEVEL = "-Onone";
			};
			name = Debug;
		};
		AFD490FD2A75966D00D4F5F5 /* Release */ = {
			isa = XCBuildConfiguration;
			buildSettings = {
				ALWAYS_SEARCH_USER_PATHS = NO;
				CLANG_ANALYZER_NONNULL = YES;
				CLANG_ANALYZER_NUMBER_OBJECT_CONVERSION = YES_AGGRESSIVE;
				CLANG_CXX_LANGUAGE_STANDARD = "gnu++20";
				CLANG_ENABLE_MODULES = YES;
				CLANG_ENABLE_OBJC_ARC = YES;
				CLANG_ENABLE_OBJC_WEAK = YES;
				CLANG_WARN_BLOCK_CAPTURE_AUTORELEASING = YES;
				CLANG_WARN_BOOL_CONVERSION = YES;
				CLANG_WARN_COMMA = YES;
				CLANG_WARN_CONSTANT_CONVERSION = YES;
				CLANG_WARN_DEPRECATED_OBJC_IMPLEMENTATIONS = YES;
				CLANG_WARN_DIRECT_OBJC_ISA_USAGE = YES_ERROR;
				CLANG_WARN_DOCUMENTATION_COMMENTS = YES;
				CLANG_WARN_EMPTY_BODY = YES;
				CLANG_WARN_ENUM_CONVERSION = YES;
				CLANG_WARN_INFINITE_RECURSION = YES;
				CLANG_WARN_INT_CONVERSION = YES;
				CLANG_WARN_NON_LITERAL_NULL_CONVERSION = YES;
				CLANG_WARN_OBJC_IMPLICIT_RETAIN_SELF = YES;
				CLANG_WARN_OBJC_LITERAL_CONVERSION = YES;
				CLANG_WARN_OBJC_ROOT_CLASS = YES_ERROR;
				CLANG_WARN_QUOTED_INCLUDE_IN_FRAMEWORK_HEADER = YES;
				CLANG_WARN_RANGE_LOOP_ANALYSIS = YES;
				CLANG_WARN_STRICT_PROTOTYPES = YES;
				CLANG_WARN_SUSPICIOUS_MOVE = YES;
				CLANG_WARN_UNGUARDED_AVAILABILITY = YES_AGGRESSIVE;
				CLANG_WARN_UNREACHABLE_CODE = YES;
				CLANG_WARN__DUPLICATE_METHOD_MATCH = YES;
				COPY_PHASE_STRIP = NO;
				DEBUG_INFORMATION_FORMAT = "dwarf-with-dsym";
				ENABLE_NS_ASSERTIONS = NO;
				ENABLE_STRICT_OBJC_MSGSEND = YES;
				GCC_C_LANGUAGE_STANDARD = gnu11;
				GCC_NO_COMMON_BLOCKS = YES;
				GCC_WARN_64_TO_32_BIT_CONVERSION = YES;
				GCC_WARN_ABOUT_RETURN_TYPE = YES_ERROR;
				GCC_WARN_UNDECLARED_SELECTOR = YES;
				GCC_WARN_UNINITIALIZED_AUTOS = YES_AGGRESSIVE;
				GCC_WARN_UNUSED_FUNCTION = YES;
				GCC_WARN_UNUSED_VARIABLE = YES;
				IPHONEOS_DEPLOYMENT_TARGET = 16.4;
				MTL_ENABLE_DEBUG_INFO = NO;
				MTL_FAST_MATH = YES;
				SDKROOT = iphoneos;
				SWIFT_COMPILATION_MODE = wholemodule;
				SWIFT_OPTIMIZATION_LEVEL = "-O";
				VALIDATE_PRODUCT = YES;
			};
			name = Release;
		};
		AFD490FF2A75966D00D4F5F5 /* Debug */ = {
			isa = XCBuildConfiguration;
			buildSettings = {
				ASSETCATALOG_COMPILER_APPICON_NAME = AppIcon;
				ASSETCATALOG_COMPILER_GLOBAL_ACCENT_COLOR_NAME = AccentColor;
				CODE_SIGN_STYLE = Automatic;
				CURRENT_PROJECT_VERSION = 1;
				DEVELOPMENT_ASSET_PATHS = "\"rest_project/Preview Content\"";
				ENABLE_PREVIEWS = YES;
				GENERATE_INFOPLIST_FILE = YES;
				INFOPLIST_KEY_UIApplicationSceneManifest_Generation = YES;
				INFOPLIST_KEY_UIApplicationSupportsIndirectInputEvents = YES;
				INFOPLIST_KEY_UILaunchScreen_Generation = YES;
				INFOPLIST_KEY_UISupportedInterfaceOrientations_iPad = "UIInterfaceOrientationPortrait UIInterfaceOrientationPortraitUpsideDown UIInterfaceOrientationLandscapeLeft UIInterfaceOrientationLandscapeRight";
				INFOPLIST_KEY_UISupportedInterfaceOrientations_iPhone = "UIInterfaceOrientationPortrait UIInterfaceOrientationLandscapeLeft UIInterfaceOrientationLandscapeRight";
				LD_RUNPATH_SEARCH_PATHS = (
					"$(inherited)",
					"@executable_path/Frameworks",
				);
				MARKETING_VERSION = 1.0;
				PRODUCT_BUNDLE_IDENTIFIER = "kulakdev.rest-project";
				PRODUCT_NAME = "$(TARGET_NAME)";
				SWIFT_EMIT_LOC_STRINGS = YES;
				SWIFT_VERSION = 5.0;
				TARGETED_DEVICE_FAMILY = "1,2";
			};
			name = Debug;
		};
		AFD491002A75966D00D4F5F5 /* Release */ = {
			isa = XCBuildConfiguration;
			buildSettings = {
				ASSETCATALOG_COMPILER_APPICON_NAME = AppIcon;
				ASSETCATALOG_COMPILER_GLOBAL_ACCENT_COLOR_NAME = AccentColor;
				CODE_SIGN_STYLE = Automatic;
				CURRENT_PROJECT_VERSION = 1;
				DEVELOPMENT_ASSET_PATHS = "\"rest_project/Preview Content\"";
				ENABLE_PREVIEWS = YES;
				GENERATE_INFOPLIST_FILE = YES;
				INFOPLIST_KEY_UIApplicationSceneManifest_Generation = YES;
				INFOPLIST_KEY_UIApplicationSupportsIndirectInputEvents = YES;
				INFOPLIST_KEY_UILaunchScreen_Generation = YES;
				INFOPLIST_KEY_UISupportedInterfaceOrientations_iPad = "UIInterfaceOrientationPortrait UIInterfaceOrientationPortraitUpsideDown UIInterfaceOrientationLandscapeLeft UIInterfaceOrientationLandscapeRight";
				INFOPLIST_KEY_UISupportedInterfaceOrientations_iPhone = "UIInterfaceOrientationPortrait UIInterfaceOrientationLandscapeLeft UIInterfaceOrientationLandscapeRight";
				LD_RUNPATH_SEARCH_PATHS = (
					"$(inherited)",
					"@executable_path/Frameworks",
				);
				MARKETING_VERSION = 1.0;
				PRODUCT_BUNDLE_IDENTIFIER = "kulakdev.rest-project";
				PRODUCT_NAME = "$(TARGET_NAME)";
				SWIFT_EMIT_LOC_STRINGS = YES;
				SWIFT_VERSION = 5.0;
				TARGETED_DEVICE_FAMILY = "1,2";
			};
			name = Release;
		};
		AFD491022A75966D00D4F5F5 /* Debug */ = {
			isa = XCBuildConfiguration;
			buildSettings = {
				ALWAYS_EMBED_SWIFT_STANDARD_LIBRARIES = YES;
				BUNDLE_LOADER = "$(TEST_HOST)";
				CODE_SIGN_STYLE = Automatic;
				CURRENT_PROJECT_VERSION = 1;
				GENERATE_INFOPLIST_FILE = YES;
				IPHONEOS_DEPLOYMENT_TARGET = 16.4;
				MARKETING_VERSION = 1.0;
				PRODUCT_BUNDLE_IDENTIFIER = "kulakdev.rest-projectTests";
				PRODUCT_NAME = "$(TARGET_NAME)";
				SWIFT_EMIT_LOC_STRINGS = NO;
				SWIFT_VERSION = 5.0;
				TARGETED_DEVICE_FAMILY = "1,2";
				TEST_HOST = "$(BUILT_PRODUCTS_DIR)/rest_project.app/$(BUNDLE_EXECUTABLE_FOLDER_PATH)/rest_project";
			};
			name = Debug;
		};
		AFD491032A75966D00D4F5F5 /* Release */ = {
			isa = XCBuildConfiguration;
			buildSettings = {
				ALWAYS_EMBED_SWIFT_STANDARD_LIBRARIES = YES;
				BUNDLE_LOADER = "$(TEST_HOST)";
				CODE_SIGN_STYLE = Automatic;
				CURRENT_PROJECT_VERSION = 1;
				GENERATE_INFOPLIST_FILE = YES;
				IPHONEOS_DEPLOYMENT_TARGET = 16.4;
				MARKETING_VERSION = 1.0;
				PRODUCT_BUNDLE_IDENTIFIER = "kulakdev.rest-projectTests";
				PRODUCT_NAME = "$(TARGET_NAME)";
				SWIFT_EMIT_LOC_STRINGS = NO;
				SWIFT_VERSION = 5.0;
				TARGETED_DEVICE_FAMILY = "1,2";
				TEST_HOST = "$(BUILT_PRODUCTS_DIR)/rest_project.app/$(BUNDLE_EXECUTABLE_FOLDER_PATH)/rest_project";
			};
			name = Release;
		};
		AFD491052A75966D00D4F5F5 /* Debug */ = {
			isa = XCBuildConfiguration;
			buildSettings = {
				ALWAYS_EMBED_SWIFT_STANDARD_LIBRARIES = YES;
				CODE_SIGN_STYLE = Automatic;
				CURRENT_PROJECT_VERSION = 1;
				GENERATE_INFOPLIST_FILE = YES;
				MARKETING_VERSION = 1.0;
				PRODUCT_BUNDLE_IDENTIFIER = "kulakdev.rest-projectUITests";
				PRODUCT_NAME = "$(TARGET_NAME)";
				SWIFT_EMIT_LOC_STRINGS = NO;
				SWIFT_VERSION = 5.0;
				TARGETED_DEVICE_FAMILY = "1,2";
				TEST_TARGET_NAME = rest_project;
			};
			name = Debug;
		};
		AFD491062A75966D00D4F5F5 /* Release */ = {
			isa = XCBuildConfiguration;
			buildSettings = {
				ALWAYS_EMBED_SWIFT_STANDARD_LIBRARIES = YES;
				CODE_SIGN_STYLE = Automatic;
				CURRENT_PROJECT_VERSION = 1;
				GENERATE_INFOPLIST_FILE = YES;
				MARKETING_VERSION = 1.0;
				PRODUCT_BUNDLE_IDENTIFIER = "kulakdev.rest-projectUITests";
				PRODUCT_NAME = "$(TARGET_NAME)";
				SWIFT_EMIT_LOC_STRINGS = NO;
				SWIFT_VERSION = 5.0;
				TARGETED_DEVICE_FAMILY = "1,2";
				TEST_TARGET_NAME = rest_project;
			};
			name = Release;
		};
/* End XCBuildConfiguration section */

/* Begin XCConfigurationList section */
		AFD490D52A75966C00D4F5F5 /* Build configuration list for PBXProject "rest_project" */ = {
			isa = XCConfigurationList;
			buildConfigurations = (
				AFD490FC2A75966D00D4F5F5 /* Debug */,
				AFD490FD2A75966D00D4F5F5 /* Release */,
			);
			defaultConfigurationIsVisible = 0;
			defaultConfigurationName = Release;
		};
		AFD490FE2A75966D00D4F5F5 /* Build configuration list for PBXNativeTarget "rest_project" */ = {
			isa = XCConfigurationList;
			buildConfigurations = (
				AFD490FF2A75966D00D4F5F5 /* Debug */,
				AFD491002A75966D00D4F5F5 /* Release */,
			);
			defaultConfigurationIsVisible = 0;
			defaultConfigurationName = Release;
		};
		AFD491012A75966D00D4F5F5 /* Build configuration list for PBXNativeTarget "rest_projectTests" */ = {
			isa = XCConfigurationList;
			buildConfigurations = (
				AFD491022A75966D00D4F5F5 /* Debug */,
				AFD491032A75966D00D4F5F5 /* Release */,
			);
			defaultConfigurationIsVisible = 0;
			defaultConfigurationName = Release;
		};
		AFD491042A75966D00D4F5F5 /* Build configuration list for PBXNativeTarget "rest_projectUITests" */ = {
			isa = XCConfigurationList;
			buildConfigurations = (
				AFD491052A75966D00D4F5F5 /* Debug */,
				AFD491062A75966D00D4F5F5 /* Release */,
			);
			defaultConfigurationIsVisible = 0;
			defaultConfigurationName = Release;
		};
/* End XCConfigurationList section */
	};
	rootObject = AFD490D22A75966C00D4F5F5 /* Project object */;
}
